
Microsoft Visual Studio Solution File, Format Version 12.00
# Visual Studio Version 16
VisualStudioVersion = 16.0.29503.13
MinimumVisualStudioVersion = 10.0.40219.1
Project("{FAE04EC0-301F-11D3-BF4B-00C04F79EFBC}") = "MPlayer", "MPlayer\MPlayer.csproj", "{94B2F6B1-FB04-42C0-8C87-AED9E7DB026A}"
EndProject
Global
	GlobalSection(SolutionConfigurationPlatforms) = preSolution
		Debug|Any CPU = Debug|Any CPU
		Release|Any CPU = Release|Any CPU
	EndGlobalSection
	GlobalSection(ProjectConfigurationPlatforms) = postSolution
		{94B2F6B1-FB04-42C0-8C87-AED9E7DB026A}.Debug|Any CPU.ActiveCfg = Debug|Any CPU
		{94B2F6B1-FB04-42C0-8C87-AED9E7DB026A}.Debug|Any CPU.Build.0 = Debug|Any CPU
		{94B2F6B1-FB04-42C0-8C87-AED9E7DB026A}.Release|Any CPU.ActiveCfg = Release|Any CPU
		{94B2F6B1-FB04-42C0-8C87-AED9E7DB026A}.Release|Any CPU.Build.0 = Release|Any CPU
	EndGlobalSection
	GlobalSection(SolutionProperties) = preSolution
		HideSolutionNode = FALSE
	EndGlobalSection
	GlobalSection(ExtensibilityGlobals) = postSolution
		SolutionGuid = {4D88022D-2088-4954-9790-4895CFCB6F9B}
	EndGlobalSection
EndGlobal
